
Microsoft Visual Studio Solution File, Format Version 12.00
# Visual Studio Version 16
VisualStudioVersion = 16.0.30804.86
MinimumVisualStudioVersion = 10.0.40219.1
Project("{FAE04EC0-301F-11D3-BF4B-00C04F79EFBC}") = "Hough-Transform", "Hough-Transform\Hough-Transform.csproj", "{1F166D7D-2C43-47BB-953D-121F947F410C}"
EndProject
Global
	GlobalSection(SolutionConfigurationPlatforms) = preSolution
		Debug|Any CPU = Debug|Any CPU
		Release|Any CPU = Release|Any CPU
	EndGlobalSection
	GlobalSection(ProjectConfigurationPlatforms) = postSolution
		{1F166D7D-2C43-47BB-953D-121F947F410C}.Debug|Any CPU.ActiveCfg = Debug|Any CPU
		{1F166D7D-2C43-47BB-953D-121F947F410C}.Debug|Any CPU.Build.0 = Debug|Any CPU
		{1F166D7D-2C43-47BB-953D-121F947F410C}.Release|Any CPU.ActiveCfg = Release|Any CPU
		{1F166D7D-2C43-47BB-953D-121F947F410C}.Release|Any CPU.Build.0 = Release|Any CPU
	EndGlobalSection
	GlobalSection(SolutionProperties) = preSolution
		HideSolutionNode = FALSE
	EndGlobalSection
	GlobalSection(ExtensibilityGlobals) = postSolution
		SolutionGuid = {D4986673-A1D2-41B2-9536-0F4D05CB40A0}
	EndGlobalSection
EndGlobal
